// !$*UTF8*$!
{
	archiveVersion = 1;
	classes = {
	};
	objectVersion = 46;
	objects = {

/* Begin PBXBuildFile section */
		03319C85215960930035FC59 /* simpleCSVsorter.c in Sources */ = {isa = PBXBuildFile; fileRef = 03319C83215960930035FC59 /* simpleCSVsorter.c */; };
		03319C87215960AE0035FC59 /* mergesort.c in Sources */ = {isa = PBXBuildFile; fileRef = 03319C86215960AE0035FC59 /* mergesort.c */; };
		036BDF8E2183AE7B0009AD8B /* sorter.c in Sources */ = {isa = PBXBuildFile; fileRef = 036BDF8D2183AE7B0009AD8B /* sorter.c */; };
/* End PBXBuildFile section */

/* Begin PBXCopyFilesBuildPhase section */
		03319C7721595F0E0035FC59 /* CopyFiles */ = {
			isa = PBXCopyFilesBuildPhase;
			buildActionMask = 2147483647;
			dstPath = /usr/share/man/man1/;
			dstSubfolderSpec = 0;
			files = (
			);
			runOnlyForDeploymentPostprocessing = 1;
		};
/* End PBXCopyFilesBuildPhase section */

/* Begin PBXFileReference section */
		03319C7921595F0E0035FC59 /* CSV Sorter */ = {isa = PBXFileReference; explicitFileType = "compiled.mach-o.executable"; includeInIndex = 0; path = "CSV Sorter"; sourceTree = BUILT_PRODUCTS_DIR; };
		03319C83215960930035FC59 /* simpleCSVsorter.c */ = {isa = PBXFileReference; fileEncoding = 4; lastKnownFileType = sourcecode.c.c; path = simpleCSVsorter.c; sourceTree = "<group>"; };
		03319C84215960930035FC59 /* simpleCSVsorter.h */ = {isa = PBXFileReference; fileEncoding = 4; lastKnownFileType = sourcecode.c.h; path = simpleCSVsorter.h; sourceTree = "<group>"; };
		03319C86215960AE0035FC59 /* mergesort.c */ = {isa = PBXFileReference; fileEncoding = 4; lastKnownFileType = sourcecode.c.c; path = mergesort.c; sourceTree = "<group>"; };
		036BDF8D2183AE7B0009AD8B /* sorter.c */ = {isa = PBXFileReference; fileEncoding = 4; lastKnownFileType = sourcecode.c.c; path = sorter.c; sourceTree = "<group>"; };
/* End PBXFileReference section */

/* Begin PBXFrameworksBuildPhase section */
		03319C7621595F0E0035FC59 /* Frameworks */ = {
			isa = PBXFrameworksBuildPhase;
			buildActionMask = 2147483647;
			files = (
			);
			runOnlyForDeploymentPostprocessing = 0;
		};
/* End PBXFrameworksBuildPhase section */

/* Begin PBXGroup section */
		03319C7021595F0E0035FC59 = {
			isa = PBXGroup;
			children = (
				03319C7B21595F0E0035FC59 /* CSV Sorter */,
				03319C7A21595F0E0035FC59 /* Products */,
			);
			sourceTree = "<group>";
		};
		03319C7A21595F0E0035FC59 /* Products */ = {
			isa = PBXGroup;
			children = (
				03319C7921595F0E0035FC59 /* CSV Sorter */,
			);
			name = Products;
			sourceTree = "<group>";
		};
		03319C7B21595F0E0035FC59 /* CSV Sorter */ = {
			isa = PBXGroup;
			children = (
				03319C83215960930035FC59 /* simpleCSVsorter.c */,
				03319C84215960930035FC59 /* simpleCSVsorter.h */,
				03319C86215960AE0035FC59 /* mergesort.c */,
				036BDF8D2183AE7B0009AD8B /* sorter.c */,
			);
			path = "CSV Sorter";
			sourceTree = "<group>";
		};
/* End PBXGroup section */

/* Begin PBXNativeTarget section */
		03319C7821595F0E0035FC59 /* CSV Sorter */ = {
			isa = PBXNativeTarget;
			buildConfigurationList = 03319C8021595F0E0035FC59 /* Build configuration list for PBXNativeTarget "CSV Sorter" */;
			buildPhases = (
				03319C7521595F0E0035FC59 /* Sources */,
				03319C7621595F0E0035FC59 /* Frameworks */,
				03319C7721595F0E0035FC59 /* CopyFiles */,
			);
			buildRules = (
			);
			dependencies = (
			);
			name = "CSV Sorter";
			productName = "CSV Sorter";
			productReference = 03319C7921595F0E0035FC59 /* CSV Sorter */;
			productType = "com.apple.product-type.tool";
		};
/* End PBXNativeTarget section */

/* Begin PBXProject section */
		03319C7121595F0E0035FC59 /* Project object */ = {
			isa = PBXProject;
			attributes = {
				LastUpgradeCheck = 0820;
				ORGANIZATIONNAME = "Masood Karimi";
				TargetAttributes = {
					03319C7821595F0E0035FC59 = {
						CreatedOnToolsVersion = 8.2.1;
						ProvisioningStyle = Automatic;
					};
				};
			};
			buildConfigurationList = 03319C7421595F0E0035FC59 /* Build configuration list for PBXProject "CSV Sorter" */;
			compatibilityVersion = "Xcode 3.2";
			developmentRegion = English;
			hasScannedForEncodings = 0;
			knownRegions = (
				en,
			);
			mainGroup = 03319C7021595F0E0035FC59;
			productRefGroup = 03319C7A21595F0E0035FC59 /* Products */;
			projectDirPath = "";
			projectRoot = "";
			targets = (
				03319C7821595F0E0035FC59 /* CSV Sorter */,
			);
		};
/* End PBXProject section */

/* Begin PBXSourcesBuildPhase section */
		03319C7521595F0E0035FC59 /* Sources */ = {
			isa = PBXSourcesBuildPhase;
			buildActionMask = 2147483647;
			files = (
				03319C87215960AE0035FC59 /* mergesort.c in Sources */,
				036BDF8E2183AE7B0009AD8B /* sorter.c in Sources */,
				03319C85215960930035FC59 /* simpleCSVsorter.c in Sources */,
			);
			runOnlyForDeploymentPostprocessing = 0;
		};
/* End PBXSourcesBuildPhase section */

/* Begin XCBuildConfiguration section */
		03319C7E21595F0E0035FC59 /* Debug */ = {
			isa = XCBuildConfiguration;
			buildSettings = {
				ALWAYS_SEARCH_USER_PATHS = NO;
				CLANG_ANALYZER_NONNULL = YES;
				CLANG_CXX_LANGUAGE_STANDARD = "gnu++0x";
				CLANG_CXX_LIBRARY = "libc++";
				CLANG_ENABLE_MODULES = YES;
				CLANG_ENABLE_OBJC_ARC = YES;
				CLANG_WARN_BOOL_CONVERSION = YES;
				CLANG_WARN_CONSTANT_CONVERSION = YES;
				CLANG_WARN_DIRECT_OBJC_ISA_USAGE = YES_ERROR;
				CLANG_WARN_DOCUMENTATION_COMMENTS = YES;
				CLANG_WARN_EMPTY_BODY = YES;
				CLANG_WARN_ENUM_CONVERSION = YES;
				CLANG_WARN_INFINITE_RECURSION = YES;
				CLANG_WARN_INT_CONVERSION = YES;
				CLANG_WARN_OBJC_ROOT_CLASS = YES_ERROR;
				CLANG_WARN_SUSPICIOUS_MOVE = YES;
				CLANG_WARN_UNREACHABLE_CODE = YES;
				CLANG_WARN__DUPLICATE_METHOD_MATCH = YES;
				CODE_SIGN_IDENTITY = "-";
				COPY_PHASE_STRIP = NO;
				DEBUG_INFORMATION_FORMAT = dwarf;
				ENABLE_STRICT_OBJC_MSGSEND = YES;
				ENABLE_TESTABILITY = YES;
				GCC_C_LANGUAGE_STANDARD = gnu99;
				GCC_DYNAMIC_NO_PIC = NO;
				GCC_NO_COMMON_BLOCKS = YES;
				GCC_OPTIMIZATION_LEVEL = 0;
				GCC_PREPROCESSOR_DEFINITIONS = (
					"DEBUG=1",
					"$(inherited)",
				);
				GCC_WARN_64_TO_32_BIT_CONVERSION = YES;
				GCC_WARN_ABOUT_RETURN_TYPE = YES_ERROR;
				GCC_WARN_UNDECLARED_SELECTOR = YES;
				GCC_WARN_UNINITIALIZED_AUTOS = YES_AGGRESSIVE;
				GCC_WARN_UNUSED_FUNCTION = YES;
				GCC_WARN_UNUSED_VARIABLE = YES;
				MACOSX_DEPLOYMENT_TARGET = 10.11;
				MTL_ENABLE_DEBUG_INFO = YES;
				ONLY_ACTIVE_ARCH = YES;
				SDKROOT = macosx;
			};
			name = Debug;
		};
		03319C7F21595F0E0035FC59 /* Release */ = {
			isa = XCBuildConfiguration;
			buildSettings = {
				ALWAYS_SEARCH_USER_PATHS = NO;
				CLANG_ANALYZER_NONNULL = YES;
				CLANG_CXX_LANGUAGE_STANDARD = "gnu++0x";
				CLANG_CXX_LIBRARY = "libc++";
				CLANG_ENABLE_MODULES = YES;
				CLANG_ENABLE_OBJC_ARC = YES;
				CLANG_WARN_BOOL_CONVERSION = YES;
				CLANG_WARN_CONSTANT_CONVERSION = YES;
				CLANG_WARN_DIRECT_OBJC_ISA_USAGE = YES_ERROR;
				CLANG_WARN_DOCUMENTATION_COMMENTS = YES;
				CLANG_WARN_EMPTY_BODY = YES;
				CLANG_WARN_ENUM_CONVERSION = YES;
				CLANG_WARN_INFINITE_RECURSION = YES;
				CLANG_WARN_INT_CONVERSION = YES;
				CLANG_WARN_OBJC_ROOT_CLASS = YES_ERROR;
				CLANG_WARN_SUSPICIOUS_MOVE = YES;
				CLANG_WARN_UNREACHABLE_CODE = YES;
				CLANG_WARN__DUPLICATE_METHOD_MATCH = YES;
				CODE_SIGN_IDENTITY = "-";
				COPY_PHASE_STRIP = NO;
				DEBUG_INFORMATION_FORMAT = "dwarf-with-dsym";
				ENABLE_NS_ASSERTIONS = NO;
				ENABLE_STRICT_OBJC_MSGSEND = YES;
				GCC_C_LANGUAGE_STANDARD = gnu99;
				GCC_NO_COMMON_BLOCKS = YES;
				GCC_WARN_64_TO_32_BIT_CONVERSION = YES;
				GCC_WARN_ABOUT_RETURN_TYPE = YES_ERROR;
				GCC_WARN_UNDECLARED_SELECTOR = YES;
				GCC_WARN_UNINITIALIZED_AUTOS = YES_AGGRESSIVE;
				GCC_WARN_UNUSED_FUNCTION = YES;
				GCC_WARN_UNUSED_VARIABLE = YES;
				MACOSX_DEPLOYMENT_TARGET = 10.11;
				MTL_ENABLE_DEBUG_INFO = NO;
				SDKROOT = macosx;
			};
			name = Release;
		};
		03319C8121595F0E0035FC59 /* Debug */ = {
			isa = XCBuildConfiguration;
			buildSettings = {
				PRODUCT_NAME = "$(TARGET_NAME)";
			};
			name = Debug;
		};
		03319C8221595F0E0035FC59 /* Release */ = {
			isa = XCBuildConfiguration;
			buildSettings = {
				PRODUCT_NAME = "$(TARGET_NAME)";
			};
			name = Release;
		};
/* End XCBuildConfiguration section */

/* Begin XCConfigurationList section */
		03319C7421595F0E0035FC59 /* Build configuration list for PBXProject "CSV Sorter" */ = {
			isa = XCConfigurationList;
			buildConfigurations = (
				03319C7E21595F0E0035FC59 /* Debug */,
				03319C7F21595F0E0035FC59 /* Release */,
			);
			defaultConfigurationIsVisible = 0;
			defaultConfigurationName = Release;
		};
		03319C8021595F0E0035FC59 /* Build configuration list for PBXNativeTarget "CSV Sorter" */ = {
			isa = XCConfigurationList;
			buildConfigurations = (
				03319C8121595F0E0035FC59 /* Debug */,
				03319C8221595F0E0035FC59 /* Release */,
			);
			defaultConfigurationIsVisible = 0;
			defaultConfigurationName = Release;
		};
/* End XCConfigurationList section */
	};
	rootObject = 03319C7121595F0E0035FC59 /* Project object */;
}
